// !$*UTF8*$!
{
	archiveVersion = 1;
	classes = {
	};
	objectVersion = 55;
	objects = {

/* Begin PBXFileReference section */
		9F033ABF2770002D0061BF76 /* 1200. Minimum Absolute Difference.playground */ = {isa = PBXFileReference; lastKnownFileType = file.playground; path = "1200. Minimum Absolute Difference.playground"; sourceTree = "<group>"; xcLanguageSpecificationIdentifier = xcode.lang.swift; };
		9F033AC727704F870061BF76 /* 1400. Construct K Palindrome Strings.playground */ = {isa = PBXFileReference; lastKnownFileType = file.playground; path = "1400. Construct K Palindrome Strings.playground"; sourceTree = "<group>"; xcLanguageSpecificationIdentifier = xcode.lang.swift; };
		9F1B7CBC2772F7F9008E8923 /* 1153. String Transforms Into Another String.playground */ = {isa = PBXFileReference; lastKnownFileType = file.playground; path = "1153. String Transforms Into Another String.playground"; sourceTree = "<group>"; xcLanguageSpecificationIdentifier = xcode.lang.swift; };
		9F29B417277D2D5800130E74 /* 1244. Design A Leaderboard.playground */ = {isa = PBXFileReference; lastKnownFileType = file.playground; path = "1244. Design A Leaderboard.playground"; sourceTree = "<group>"; xcLanguageSpecificationIdentifier = xcode.lang.swift; };
		9F2C1694276968B500862684 /* 147. Insertion Sort List.playground */ = {isa = PBXFileReference; lastKnownFileType = file.playground; path = "147. Insertion Sort List.playground"; sourceTree = "<group>"; xcLanguageSpecificationIdentifier = xcode.lang.swift; };
		9F3EA7BE276ABD5500BBAF83 /* _310. Minimum Height Trees.playground */ = {isa = PBXFileReference; lastKnownFileType = file.playground; path = "_310. Minimum Height Trees.playground"; sourceTree = "<group>"; xcLanguageSpecificationIdentifier = xcode.lang.swift; };
		9F3ECE0027754B6B00253E7C /* 56. Merge Intervals.playground */ = {isa = PBXFileReference; lastKnownFileType = file.playground; path = "56. Merge Intervals.playground"; sourceTree = "<group>"; xcLanguageSpecificationIdentifier = xcode.lang.swift; };
		9F46F7DD2773F75000038EF2 /* _210. Course Schedule II.playground */ = {isa = PBXFileReference; lastKnownFileType = file.playground; path = "_210. Course Schedule II.playground"; sourceTree = "<group>"; xcLanguageSpecificationIdentifier = xcode.lang.swift; };
		9F4E61D72765D77E008E177A /* 721. Accounts Merge.playground */ = {isa = PBXFileReference; lastKnownFileType = file.playground; path = "721. Accounts Merge.playground"; sourceTree = "<group>"; xcLanguageSpecificationIdentifier = xcode.lang.swift; };
		9F4E61D82765D7C6008E177A /* 258. Add Digits.playground */ = {isa = PBXFileReference; lastKnownFileType = file.playground; path = "258. Add Digits.playground"; sourceTree = "<group>"; xcLanguageSpecificationIdentifier = xcode.lang.swift; };
		9F4E61D92765D7F9008E177A /* 2. Add Two Numbers.playground */ = {isa = PBXFileReference; lastKnownFileType = file.playground; path = "2. Add Two Numbers.playground"; sourceTree = "<group>"; xcLanguageSpecificationIdentifier = xcode.lang.swift; };
		9F4E61DA2765D875008E177A /* 6. Zigzag Conversion.playground */ = {isa = PBXFileReference; lastKnownFileType = file.playground; path = "6. Zigzag Conversion.playground"; sourceTree = "<group>"; xcLanguageSpecificationIdentifier = xcode.lang.swift; };
		9F4E61DB2765D896008E177A /* 1306. Jump Game III.playground */ = {isa = PBXFileReference; lastKnownFileType = file.playground; path = "1306. Jump Game III.playground"; sourceTree = "<group>"; xcLanguageSpecificationIdentifier = xcode.lang.swift; };
		9F4E61DD2765D8F1008E177A /* 5. Longest Palindromic Substring.playground */ = {isa = PBXFileReference; lastKnownFileType = file.playground; path = "5. Longest Palindromic Substring.playground"; sourceTree = "<group>"; xcLanguageSpecificationIdentifier = xcode.lang.swift; };
		9F4E61DE2765D91F008E177A /* 122. Best Time to Buy and Sell Stock II.playground */ = {isa = PBXFileReference; lastKnownFileType = file.playground; path = "122. Best Time to Buy and Sell Stock II.playground"; sourceTree = "<group>"; xcLanguageSpecificationIdentifier = xcode.lang.swift; };
		9F4E61DF2765D985008E177A /* 3. Longest Substring Without Repeating Characters.playground */ = {isa = PBXFileReference; lastKnownFileType = file.playground; path = "3. Longest Substring Without Repeating Characters.playground"; sourceTree = "<group>"; xcLanguageSpecificationIdentifier = xcode.lang.swift; };
		9F52679E2772A4AD0075AA6F /* 143. Reorder List.playground */ = {isa = PBXFileReference; lastKnownFileType = file.playground; path = "143. Reorder List.playground"; sourceTree = "<group>"; xcLanguageSpecificationIdentifier = xcode.lang.swift; };
		9F55F6A2278670EB00BE8162 /* 1094. Car Pooling.playground */ = {isa = PBXFileReference; lastKnownFileType = file.playground; path = "1094. Car Pooling.playground"; sourceTree = "<group>"; xcLanguageSpecificationIdentifier = xcode.lang.swift; };
		9F578283276EC84D00A492CC /* 394. Decode String.playground */ = {isa = PBXFileReference; lastKnownFileType = file.playground; path = "394. Decode String.playground"; sourceTree = "<group>"; xcLanguageSpecificationIdentifier = xcode.lang.swift; };
		9F5A961027841B07001BA86F /* 42. Trapping Rain Water.playground */ = {isa = PBXFileReference; lastKnownFileType = file.playground; path = "42. Trapping Rain Water.playground"; sourceTree = "<group>"; xcLanguageSpecificationIdentifier = xcode.lang.swift; };
		9F65A7C627793C8200BBAA4A /* 476. Number Complement.playground */ = {isa = PBXFileReference; lastKnownFileType = file.playground; path = "476. Number Complement.playground"; sourceTree = "<group>"; xcLanguageSpecificationIdentifier = xcode.lang.swift; };
		9F754087278BB52B006E0683 /* 67. Add Binary.playground */ = {isa = PBXFileReference; lastKnownFileType = file.playground; path = "67. Add Binary.playground"; sourceTree = "<group>"; xcLanguageSpecificationIdentifier = xcode.lang.swift; };
		9F75F5B8276816C6008BC3BB /* 938. Range Sum of BST.playground */ = {isa = PBXFileReference; lastKnownFileType = file.playground; path = "938. Range Sum of BST.playground"; sourceTree = "<group>"; xcLanguageSpecificationIdentifier = xcode.lang.swift; };
		9F75F5B92768644A008BC3BB /* 9. Palindrome Number.playground */ = {isa = PBXFileReference; lastKnownFileType = file.playground; path = "9. Palindrome Number.playground"; sourceTree = "<group>"; xcLanguageSpecificationIdentifier = xcode.lang.swift; };
		9F78465F2783C6620086C924 /* 1009. Complement of Base 10 Integer.playground */ = {isa = PBXFileReference; lastKnownFileType = file.playground; path = "1009. Complement of Base 10 Integer.playground"; sourceTree = "<group>"; xcLanguageSpecificationIdentifier = xcode.lang.swift; };
		9F81A37C2766C4EB005387BD /* 1446. Consecutive Characters.playground */ = {isa = PBXFileReference; lastKnownFileType = file.playground; path = "1446. Consecutive Characters.playground"; sourceTree = "<group>"; xcLanguageSpecificationIdentifier = xcode.lang.swift; };
		9F8255312764D0BC00EE47F0 /* 878. Nth Magical Number.playground */ = {isa = PBXFileReference; lastKnownFileType = file.playground; path = "878. Nth Magical Number.playground"; sourceTree = "<group>"; xcLanguageSpecificationIdentifier = xcode.lang.swift; };
		9F8255322764EF4000EE47F0 /* 8. String to Integer (atoi).playground */ = {isa = PBXFileReference; lastKnownFileType = file.playground; path = "8. String to Integer (atoi).playground"; sourceTree = "<group>"; xcLanguageSpecificationIdentifier = xcode.lang.swift; };
		9F82B2012785661E00E02695 /* 1863. Sum of All Subset XOR Totals.playground */ = {isa = PBXFileReference; lastKnownFileType = file.playground; path = "1863. Sum of All Subset XOR Totals.playground"; sourceTree = "<group>"; xcLanguageSpecificationIdentifier = xcode.lang.swift; };
		9F8D24F62769B6150012654A /* 624. Maximum Distance in Arrays.playground */ = {isa = PBXFileReference; lastKnownFileType = file.playground; path = "624. Maximum Distance in Arrays.playground"; sourceTree = "<group>"; xcLanguageSpecificationIdentifier = xcode.lang.swift; };
		9F8F717C277A8C7400EF05B5 /* 876. Middle of the Linked List.playground */ = {isa = PBXFileReference; lastKnownFileType = file.playground; path = "876. Middle of the Linked List.playground"; sourceTree = "<group>"; xcLanguageSpecificationIdentifier = xcode.lang.swift; };
		9F9E01EE2765B97C00D3E1AC /* 416. Partition Equal Subset Sum.playground */ = {isa = PBXFileReference; lastKnownFileType = file.playground; path = "416. Partition Equal Subset Sum.playground"; sourceTree = "<group>"; xcLanguageSpecificationIdentifier = xcode.lang.swift; };
		9F9E01EF2765D1D300D3E1AC /* 17. Letter Combinations of a Phone Number.playground */ = {isa = PBXFileReference; lastKnownFileType = file.playground; path = "17. Letter Combinations of a Phone Number.playground"; sourceTree = "<group>"; xcLanguageSpecificationIdentifier = xcode.lang.swift; };
		9FA5207827799CD700B6FB9B /* .gitignore */ = {isa = PBXFileReference; lastKnownFileType = text; path = .gitignore; sourceTree = "<group>"; };
		9FB587C8278277080012B6ED /* 997. Find the Town Judge.playground */ = {isa = PBXFileReference; lastKnownFileType = file.playground; path = "997. Find the Town Judge.playground"; sourceTree = "<group>"; xcLanguageSpecificationIdentifier = xcode.lang.swift; };
		9FB74A6A277D2E74003A55E9 /* 1015. Smallest Integer Divisible by K.playground */ = {isa = PBXFileReference; lastKnownFileType = file.playground; path = "1015. Smallest Integer Divisible by K.playground"; sourceTree = "<group>"; xcLanguageSpecificationIdentifier = xcode.lang.swift; };
		9FBBFFC9277988DE0076658D /* 75. Sort Colors.playground */ = {isa = PBXFileReference; lastKnownFileType = file.playground; path = "75. Sort Colors.playground"; sourceTree = "<group>"; xcLanguageSpecificationIdentifier = xcode.lang.swift; };
		9FC6992E276E19100046CC85 /* _902. Numbers At Most N Given Digit Set.playground */ = {isa = PBXFileReference; lastKnownFileType = file.playground; path = "_902. Numbers At Most N Given Digit Set.playground"; sourceTree = "<group>"; xcLanguageSpecificationIdentifier = xcode.lang.swift; };
		9FC9FCBB276C0E8D00B80C3E /* 221._ Maximal Square.playground */ = {isa = PBXFileReference; lastKnownFileType = file.playground; path = "221._ Maximal Square.playground"; sourceTree = "<group>"; xcLanguageSpecificationIdentifier = xcode.lang.swift; };
		9FC9FCBC276C596C00B80C3E /* 11. Container With Most Water.playground */ = {isa = PBXFileReference; lastKnownFileType = file.playground; path = "11. Container With Most Water.playground"; sourceTree = "<group>"; xcLanguageSpecificationIdentifier = xcode.lang.swift; };
		9FD1DAB7277A900200EADDCE /* 200. Number of Islands.playground */ = {isa = PBXFileReference; lastKnownFileType = file.playground; path = "200. Number of Islands.playground"; sourceTree = "<group>"; xcLanguageSpecificationIdentifier = xcode.lang.swift; };
		9FD6C45B2787BB0700709199 /* 382. Linked List Random Node.playground */ = {isa = PBXFileReference; lastKnownFileType = file.playground; path = "382. Linked List Random Node.playground"; sourceTree = "<group>"; xcLanguageSpecificationIdentifier = xcode.lang.swift; };
		9FE21424277BDE4900E3BC95 /* 116. Populating Next Right Pointers in Each Node.playground */ = {isa = PBXFileReference; lastKnownFileType = file.playground; path = "116. Populating Next Right Pointers in Each Node.playground"; sourceTree = "<group>"; xcLanguageSpecificationIdentifier = xcode.lang.swift; };
		9FF4F38E277152C7002DFE91 /* 231. Power of Two.playground */ = {isa = PBXFileReference; lastKnownFileType = file.playground; path = "231. Power of Two.playground"; sourceTree = "<group>"; xcLanguageSpecificationIdentifier = xcode.lang.swift; };
/* End PBXFileReference section */

/* Begin PBXGroup section */
		9F82552A2764D01100EE47F0 = {
			isa = PBXGroup;
			children = (
				9F754087278BB52B006E0683 /* 67. Add Binary.playground */,
				9FD6C45B2787BB0700709199 /* 382. Linked List Random Node.playground */,
				9F55F6A2278670EB00BE8162 /* 1094. Car Pooling.playground */,
				9F82B2012785661E00E02695 /* 1863. Sum of All Subset XOR Totals.playground */,
				9F5A961027841B07001BA86F /* 42. Trapping Rain Water.playground */,
				9F78465F2783C6620086C924 /* 1009. Complement of Base 10 Integer.playground */,
				9FB587C8278277080012B6ED /* 997. Find the Town Judge.playground */,
				9FB74A6A277D2E74003A55E9 /* 1015. Smallest Integer Divisible by K.playground */,
				9F29B417277D2D5800130E74 /* 1244. Design A Leaderboard.playground */,
				9FE21424277BDE4900E3BC95 /* 116. Populating Next Right Pointers in Each Node.playground */,
				9FD1DAB7277A900200EADDCE /* 200. Number of Islands.playground */,
				9F8F717C277A8C7400EF05B5 /* 876. Middle of the Linked List.playground */,
				9F46F7DD2773F75000038EF2 /* _210. Course Schedule II.playground */,
				9F3EA7BE276ABD5500BBAF83 /* _310. Minimum Height Trees.playground */,
				9FC6992E276E19100046CC85 /* _902. Numbers At Most N Given Digit Set.playground */,
				9FA5207827799CD700B6FB9B /* .gitignore */,
				9F4E61D92765D7F9008E177A /* 2. Add Two Numbers.playground */,
				9F4E61DF2765D985008E177A /* 3. Longest Substring Without Repeating Characters.playground */,
				9F4E61DD2765D8F1008E177A /* 5. Longest Palindromic Substring.playground */,
				9F4E61DA2765D875008E177A /* 6. Zigzag Conversion.playground */,
				9F8255322764EF4000EE47F0 /* 8. String to Integer (atoi).playground */,
				9F75F5B92768644A008BC3BB /* 9. Palindrome Number.playground */,
				9FC9FCBC276C596C00B80C3E /* 11. Container With Most Water.playground */,
				9F9E01EF2765D1D300D3E1AC /* 17. Letter Combinations of a Phone Number.playground */,
				9F3ECE0027754B6B00253E7C /* 56. Merge Intervals.playground */,
				9FBBFFC9277988DE0076658D /* 75. Sort Colors.playground */,
				9F4E61DE2765D91F008E177A /* 122. Best Time to Buy and Sell Stock II.playground */,
				9F52679E2772A4AD0075AA6F /* 143. Reorder List.playground */,
				9F2C1694276968B500862684 /* 147. Insertion Sort List.playground */,
				9FC9FCBB276C0E8D00B80C3E /* 221._ Maximal Square.playground */,
				9FF4F38E277152C7002DFE91 /* 231. Power of Two.playground */,
				9F4E61D82765D7C6008E177A /* 258. Add Digits.playground */,
				9F578283276EC84D00A492CC /* 394. Decode String.playground */,
				9F9E01EE2765B97C00D3E1AC /* 416. Partition Equal Subset Sum.playground */,
				9F65A7C627793C8200BBAA4A /* 476. Number Complement.playground */,
				9F8D24F62769B6150012654A /* 624. Maximum Distance in Arrays.playground */,
				9F4E61D72765D77E008E177A /* 721. Accounts Merge.playground */,
				9F8255312764D0BC00EE47F0 /* 878. Nth Magical Number.playground */,
				9F75F5B8276816C6008BC3BB /* 938. Range Sum of BST.playground */,
				9F1B7CBC2772F7F9008E8923 /* 1153. String Transforms Into Another String.playground */,
				9F033ABF2770002D0061BF76 /* 1200. Minimum Absolute Difference.playground */,
				9F4E61DB2765D896008E177A /* 1306. Jump Game III.playground */,
				9F033AC727704F870061BF76 /* 1400. Construct K Palindrome Strings.playground */,
				9F81A37C2766C4EB005387BD /* 1446. Consecutive Characters.playground */,
			);
			sourceTree = "<group>";
		};
/* End PBXGroup section */

/* Begin PBXProject section */
		9F82552B2764D01100EE47F0 /* Project object */ = {
			isa = PBXProject;
			attributes = {
				BuildIndependentTargetsInParallel = 1;
				LastUpgradeCheck = 1320;
			};
			buildConfigurationList = 9F82552E2764D01100EE47F0 /* Build configuration list for PBXProject "Leetcode" */;
			compatibilityVersion = "Xcode 13.0";
			developmentRegion = en;
			hasScannedForEncodings = 0;
			knownRegions = (
				en,
				Base,
			);
			mainGroup = 9F82552A2764D01100EE47F0;
			projectDirPath = "";
			projectRoot = "";
			targets = (
			);
		};
/* End PBXProject section */

/* Begin XCBuildConfiguration section */
		9F82552F2764D01100EE47F0 /* Debug */ = {
			isa = XCBuildConfiguration;
			buildSettings = {
				CLANG_WARN_BLOCK_CAPTURE_AUTORELEASING = YES;
				CLANG_WARN_BOOL_CONVERSION = YES;
				CLANG_WARN_COMMA = YES;
				CLANG_WARN_CONSTANT_CONVERSION = YES;
				CLANG_WARN_DEPRECATED_OBJC_IMPLEMENTATIONS = YES;
				CLANG_WARN_EMPTY_BODY = YES;
				CLANG_WARN_ENUM_CONVERSION = YES;
				CLANG_WARN_INFINITE_RECURSION = YES;
				CLANG_WARN_INT_CONVERSION = YES;
				CLANG_WARN_NON_LITERAL_NULL_CONVERSION = YES;
				CLANG_WARN_OBJC_IMPLICIT_RETAIN_SELF = YES;
				CLANG_WARN_OBJC_LITERAL_CONVERSION = YES;
				CLANG_WARN_QUOTED_INCLUDE_IN_FRAMEWORK_HEADER = YES;
				CLANG_WARN_RANGE_LOOP_ANALYSIS = YES;
				CLANG_WARN_STRICT_PROTOTYPES = YES;
				CLANG_WARN_SUSPICIOUS_MOVE = YES;
				CLANG_WARN_UNREACHABLE_CODE = YES;
				CLANG_WARN__DUPLICATE_METHOD_MATCH = YES;
				ENABLE_STRICT_OBJC_MSGSEND = YES;
				ENABLE_TESTABILITY = YES;
				GCC_NO_COMMON_BLOCKS = YES;
				GCC_WARN_64_TO_32_BIT_CONVERSION = YES;
				GCC_WARN_ABOUT_RETURN_TYPE = YES;
				GCC_WARN_UNDECLARED_SELECTOR = YES;
				GCC_WARN_UNINITIALIZED_AUTOS = YES;
				GCC_WARN_UNUSED_FUNCTION = YES;
				GCC_WARN_UNUSED_VARIABLE = YES;
				ONLY_ACTIVE_ARCH = YES;
			};
			name = Debug;
		};
		9F8255302764D01100EE47F0 /* Release */ = {
			isa = XCBuildConfiguration;
			buildSettings = {
				CLANG_WARN_BLOCK_CAPTURE_AUTORELEASING = YES;
				CLANG_WARN_BOOL_CONVERSION = YES;
				CLANG_WARN_COMMA = YES;
				CLANG_WARN_CONSTANT_CONVERSION = YES;
				CLANG_WARN_DEPRECATED_OBJC_IMPLEMENTATIONS = YES;
				CLANG_WARN_EMPTY_BODY = YES;
				CLANG_WARN_ENUM_CONVERSION = YES;
				CLANG_WARN_INFINITE_RECURSION = YES;
				CLANG_WARN_INT_CONVERSION = YES;
				CLANG_WARN_NON_LITERAL_NULL_CONVERSION = YES;
				CLANG_WARN_OBJC_IMPLICIT_RETAIN_SELF = YES;
				CLANG_WARN_OBJC_LITERAL_CONVERSION = YES;
				CLANG_WARN_QUOTED_INCLUDE_IN_FRAMEWORK_HEADER = YES;
				CLANG_WARN_RANGE_LOOP_ANALYSIS = YES;
				CLANG_WARN_STRICT_PROTOTYPES = YES;
				CLANG_WARN_SUSPICIOUS_MOVE = YES;
				CLANG_WARN_UNREACHABLE_CODE = YES;
				CLANG_WARN__DUPLICATE_METHOD_MATCH = YES;
				ENABLE_STRICT_OBJC_MSGSEND = YES;
				GCC_NO_COMMON_BLOCKS = YES;
				GCC_WARN_64_TO_32_BIT_CONVERSION = YES;
				GCC_WARN_ABOUT_RETURN_TYPE = YES;
				GCC_WARN_UNDECLARED_SELECTOR = YES;
				GCC_WARN_UNINITIALIZED_AUTOS = YES;
				GCC_WARN_UNUSED_FUNCTION = YES;
				GCC_WARN_UNUSED_VARIABLE = YES;
			};
			name = Release;
		};
/* End XCBuildConfiguration section */

/* Begin XCConfigurationList section */
		9F82552E2764D01100EE47F0 /* Build configuration list for PBXProject "Leetcode" */ = {
			isa = XCConfigurationList;
			buildConfigurations = (
				9F82552F2764D01100EE47F0 /* Debug */,
				9F8255302764D01100EE47F0 /* Release */,
			);
			defaultConfigurationIsVisible = 0;
			defaultConfigurationName = Release;
		};
/* End XCConfigurationList section */
	};
	rootObject = 9F82552B2764D01100EE47F0 /* Project object */;
}
